
Microsoft Visual Studio Solution File, Format Version 12.00
# Visual Studio Version 16
VisualStudioVersion = 16.0.29411.108
MinimumVisualStudioVersion = 10.0.40219.1
Project("{FAE04EC0-301F-11D3-BF4B-00C04F79EFBC}") = "HCAN", "HCAN.csproj", "{5F148E85-57E3-4CCB-96E3-DB9B69C80BD3}"
EndProject
Global
	GlobalSection(SolutionConfigurationPlatforms) = preSolution
		Debug|Any CPU = Debug|Any CPU
		Release|Any CPU = Release|Any CPU
	EndGlobalSection
	GlobalSection(ProjectConfigurationPlatforms) = postSolution
		{5F148E85-57E3-4CCB-96E3-DB9B69C80BD3}.Debug|Any CPU.ActiveCfg = Debug|Any CPU
		{5F148E85-57E3-4CCB-96E3-DB9B69C80BD3}.Debug|Any CPU.Build.0 = Debug|Any CPU
		{5F148E85-57E3-4CCB-96E3-DB9B69C80BD3}.Release|Any CPU.ActiveCfg = Release|Any CPU
		{5F148E85-57E3-4CCB-96E3-DB9B69C80BD3}.Release|Any CPU.Build.0 = Release|Any CPU
	EndGlobalSection
	GlobalSection(SolutionProperties) = preSolution
		HideSolutionNode = FALSE
	EndGlobalSection
	GlobalSection(ExtensibilityGlobals) = postSolution
		SolutionGuid = {A7FBFD3B-B37E-4D99-BFE7-36077211DA46}
	EndGlobalSection
EndGlobal
